
Microsoft Visual Studio Solution File, Format Version 12.00
# Visual Studio 14
VisualStudioVersion = 14.0.25420.1
MinimumVisualStudioVersion = 10.0.40219.1
Project("{FAE04EC0-301F-11D3-BF4B-00C04F79EFBC}") = "Junction", "Junction.csproj", "{FBB0B096-A0DD-4DD3-8417-459FC73EACE5}"
EndProject
Project("{2150E333-8FDC-42A3-9474-1A3956D46DE8}") = "Solution Items", "Solution Items", "{B61CE120-1305-4885-B54D-0007F42FA258}"
	ProjectSection(SolutionItems) = preProject
		build.md = build.md
		README.md = README.md
	EndProjectSection
EndProject
Project("{FAE04EC0-301F-11D3-BF4B-00C04F79EFBC}") = "Junction.Testing", "Junction.Testing.csproj", "{A330E01F-B2F8-41F5-BEF2-4EED59526C53}"
EndProject
Project("{8BC9CEB8-8B4A-11D0-8D11-00A0C91BC942}") = "VolumeInformation", "VolumeInformation\VolumeInformation.vcxproj", "{1C7FE46A-A34B-4E50-9FD2-2B75B3D45C40}"
EndProject
Project("{FAE04EC0-301F-11D3-BF4B-00C04F79EFBC}") = "FindSeconaryStream", "FindSeconaryStream.csproj", "{EA9DA2DC-670D-4939-AF9D-3FBF0C2A860D}"
EndProject
Global
	GlobalSection(SolutionConfigurationPlatforms) = preSolution
		Debug|Any CPU = Debug|Any CPU
		Debug|x64 = Debug|x64
		Debug|x86 = Debug|x86
		Release|Any CPU = Release|Any CPU
		Release|x64 = Release|x64
		Release|x86 = Release|x86
	EndGlobalSection
	GlobalSection(ProjectConfigurationPlatforms) = postSolution
		{FBB0B096-A0DD-4DD3-8417-459FC73EACE5}.Debug|Any CPU.ActiveCfg = Debug|Any CPU
		{FBB0B096-A0DD-4DD3-8417-459FC73EACE5}.Debug|Any CPU.Build.0 = Debug|Any CPU
		{FBB0B096-A0DD-4DD3-8417-459FC73EACE5}.Debug|x64.ActiveCfg = Debug|Any CPU
		{FBB0B096-A0DD-4DD3-8417-459FC73EACE5}.Debug|x64.Build.0 = Debug|Any CPU
		{FBB0B096-A0DD-4DD3-8417-459FC73EACE5}.Debug|x86.ActiveCfg = Debug|Any CPU
		{FBB0B096-A0DD-4DD3-8417-459FC73EACE5}.Debug|x86.Build.0 = Debug|Any CPU
		{FBB0B096-A0DD-4DD3-8417-459FC73EACE5}.Release|Any CPU.ActiveCfg = Release|Any CPU
		{FBB0B096-A0DD-4DD3-8417-459FC73EACE5}.Release|Any CPU.Build.0 = Release|Any CPU
		{FBB0B096-A0DD-4DD3-8417-459FC73EACE5}.Release|x64.ActiveCfg = Release|Any CPU
		{FBB0B096-A0DD-4DD3-8417-459FC73EACE5}.Release|x64.Build.0 = Release|Any CPU
		{FBB0B096-A0DD-4DD3-8417-459FC73EACE5}.Release|x86.ActiveCfg = Release|Any CPU
		{FBB0B096-A0DD-4DD3-8417-459FC73EACE5}.Release|x86.Build.0 = Release|Any CPU
		{A330E01F-B2F8-41F5-BEF2-4EED59526C53}.Debug|Any CPU.ActiveCfg = Debug|Any CPU
		{A330E01F-B2F8-41F5-BEF2-4EED59526C53}.Debug|Any CPU.Build.0 = Debug|Any CPU
		{A330E01F-B2F8-41F5-BEF2-4EED59526C53}.Debug|x64.ActiveCfg = Debug|Any CPU
		{A330E01F-B2F8-41F5-BEF2-4EED59526C53}.Debug|x64.Build.0 = Debug|Any CPU
		{A330E01F-B2F8-41F5-BEF2-4EED59526C53}.Debug|x86.ActiveCfg = Debug|Any CPU
		{A330E01F-B2F8-41F5-BEF2-4EED59526C53}.Debug|x86.Build.0 = Debug|Any CPU
		{A330E01F-B2F8-41F5-BEF2-4EED59526C53}.Release|Any CPU.ActiveCfg = Release|Any CPU
		{A330E01F-B2F8-41F5-BEF2-4EED59526C53}.Release|Any CPU.Build.0 = Release|Any CPU
		{A330E01F-B2F8-41F5-BEF2-4EED59526C53}.Release|x64.ActiveCfg = Release|Any CPU
		{A330E01F-B2F8-41F5-BEF2-4EED59526C53}.Release|x64.Build.0 = Release|Any CPU
		{A330E01F-B2F8-41F5-BEF2-4EED59526C53}.Release|x86.ActiveCfg = Release|Any CPU
		{A330E01F-B2F8-41F5-BEF2-4EED59526C53}.Release|x86.Build.0 = Release|Any CPU
		{1C7FE46A-A34B-4E50-9FD2-2B75B3D45C40}.Debug|Any CPU.ActiveCfg = Debug|Win32
		{1C7FE46A-A34B-4E50-9FD2-2B75B3D45C40}.Debug|x64.ActiveCfg = Debug|x64
		{1C7FE46A-A34B-4E50-9FD2-2B75B3D45C40}.Debug|x64.Build.0 = Debug|x64
		{1C7FE46A-A34B-4E50-9FD2-2B75B3D45C40}.Debug|x86.ActiveCfg = Debug|Win32
		{1C7FE46A-A34B-4E50-9FD2-2B75B3D45C40}.Debug|x86.Build.0 = Debug|Win32
		{1C7FE46A-A34B-4E50-9FD2-2B75B3D45C40}.Release|Any CPU.ActiveCfg = Release|Win32
		{1C7FE46A-A34B-4E50-9FD2-2B75B3D45C40}.Release|x64.ActiveCfg = Release|x64
		{1C7FE46A-A34B-4E50-9FD2-2B75B3D45C40}.Release|x64.Build.0 = Release|x64
		{1C7FE46A-A34B-4E50-9FD2-2B75B3D45C40}.Release|x86.ActiveCfg = Release|Win32
		{1C7FE46A-A34B-4E50-9FD2-2B75B3D45C40}.Release|x86.Build.0 = Release|Win32
		{EA9DA2DC-670D-4939-AF9D-3FBF0C2A860D}.Debug|Any CPU.ActiveCfg = Debug|Any CPU
		{EA9DA2DC-670D-4939-AF9D-3FBF0C2A860D}.Debug|Any CPU.Build.0 = Debug|Any CPU
		{EA9DA2DC-670D-4939-AF9D-3FBF0C2A860D}.Debug|x64.ActiveCfg = Debug|Any CPU
		{EA9DA2DC-670D-4939-AF9D-3FBF0C2A860D}.Debug|x64.Build.0 = Debug|Any CPU
		{EA9DA2DC-670D-4939-AF9D-3FBF0C2A860D}.Debug|x86.ActiveCfg = Debug|Any CPU
		{EA9DA2DC-670D-4939-AF9D-3FBF0C2A860D}.Debug|x86.Build.0 = Debug|Any CPU
		{EA9DA2DC-670D-4939-AF9D-3FBF0C2A860D}.Release|Any CPU.ActiveCfg = Release|Any CPU
		{EA9DA2DC-670D-4939-AF9D-3FBF0C2A860D}.Release|Any CPU.Build.0 = Release|Any CPU
		{EA9DA2DC-670D-4939-AF9D-3FBF0C2A860D}.Release|x64.ActiveCfg = Release|Any CPU
		{EA9DA2DC-670D-4939-AF9D-3FBF0C2A860D}.Release|x64.Build.0 = Release|Any CPU
		{EA9DA2DC-670D-4939-AF9D-3FBF0C2A860D}.Release|x86.ActiveCfg = Release|Any CPU
		{EA9DA2DC-670D-4939-AF9D-3FBF0C2A860D}.Release|x86.Build.0 = Release|Any CPU
	EndGlobalSection
	GlobalSection(SolutionProperties) = preSolution
		HideSolutionNode = FALSE
	EndGlobalSection
EndGlobal
